lockfileVersion: '9.0'

settings:
  autoInstallPeers: true
  excludeLinksFromLockfile: false

importers:

  .:
    dependencies:
      '@langchain/docs-sandbox':
        specifier: ^0.0.21
        version: 0.0.21(react@19.2.4)(zod@4.3.6)

packages:

  '@langchain/docs-sandbox@0.0.21':
    resolution: {integrity: sha512-lAAJvLP6fqrL2kKGbcIOVbvt0EzjafGqCg0cvEC4KLCHNy351wQtumlJ2oeu6aD+KK/fmVa+goTtgVYC3FPgkQ==}
    peerDependencies:
      '@langchain/playground-preview-protocol': workspace:*
      react: ^18 || ^19
      zod: ^4.3.6

  react@19.2.4:
    resolution: {integrity: sha512-9nfp2hYpCwOjAN+8TZFGhtWEwgvWHXqESH8qT89AT/lWklpLON22Lc8pEtnpsZz7VmawabSU0gCjnj8aC0euHQ==}
    engines: {node: '>=0.10.0'}

  zod@4.3.6:
    resolution: {integrity: sha512-rftlrkhHZOcjDwkGlnUtZZkvaPHCsDATp4pGpuOOMDaTdDDXF91wuVDJoWoPsKX/3YPQ5fHuF3STjcYyKr+Qhg==}

snapshots:

  '@langchain/docs-sandbox@0.0.21(react@19.2.4)(zod@4.3.6)':
    dependencies:
      react: 19.2.4
      zod: 4.3.6

  react@19.2.4: {}

  zod@4.3.6: {}
